{
  "nodes": {
    "nixpkgs": {
      "locked": {
        "lastModified": 1760159707,
        "narHash": "sha256-GwfXKgZBe7UQ2sCtpgUM8poHZtJo8CEeqmg/EUE6pcQ=",
        "owner": "NixOS",
        "repo": "nixpkgs",
        "rev": "0b1aaeabd281751973b022dba022f492b3d620dc",
        "type": "github"
      },
      "original": {
        "owner": "NixOS",
        "repo": "nixpkgs",
        "rev": "0b1aaeabd281751973b022dba022f492b3d620dc",
        "type": "github"
      }
    },
    "root": {
      "inputs": {
        "nixpkgs": "nixpkgs"
      }
    }
  },
  "root": "root",
  "version": 7
}
